
Microsoft Visual Studio Solution File, Format Version 12.00
# Visual Studio Version 16
VisualStudioVersion = 16.0.30204.135
MinimumVisualStudioVersion = 10.0.40219.1
Project("{9A19103F-16F7-4668-BE54-9A1E7A4F7556}") = "UnitConversions", "UnitConversions.csproj", "{67443702-F408-4EC7-923D-ADF084E986C4}"
EndProject
Project("{FAE04EC0-301F-11D3-BF4B-00C04F79EFBC}") = "UnitConversionsTests", "UnitConversionsTests\UnitConversionsTests.csproj", "{B281D1D9-E009-494D-90AB-04BCB6C63CC4}"
EndProject
Global
	GlobalSection(SolutionConfigurationPlatforms) = preSolution
		Debug|Any CPU = Debug|Any CPU
		Release|Any CPU = Release|Any CPU
	EndGlobalSection
	GlobalSection(ProjectConfigurationPlatforms) = postSolution
		{67443702-F408-4EC7-923D-ADF084E986C4}.Debug|Any CPU.ActiveCfg = Debug|Any CPU
		{67443702-F408-4EC7-923D-ADF084E986C4}.Debug|Any CPU.Build.0 = Debug|Any CPU
		{67443702-F408-4EC7-923D-ADF084E986C4}.Release|Any CPU.ActiveCfg = Release|Any CPU
		{67443702-F408-4EC7-923D-ADF084E986C4}.Release|Any CPU.Build.0 = Release|Any CPU
		{B281D1D9-E009-494D-90AB-04BCB6C63CC4}.Debug|Any CPU.ActiveCfg = Debug|Any CPU
		{B281D1D9-E009-494D-90AB-04BCB6C63CC4}.Debug|Any CPU.Build.0 = Debug|Any CPU
		{B281D1D9-E009-494D-90AB-04BCB6C63CC4}.Release|Any CPU.ActiveCfg = Release|Any CPU
		{B281D1D9-E009-494D-90AB-04BCB6C63CC4}.Release|Any CPU.Build.0 = Release|Any CPU
	EndGlobalSection
	GlobalSection(SolutionProperties) = preSolution
		HideSolutionNode = FALSE
	EndGlobalSection
	GlobalSection(ExtensibilityGlobals) = postSolution
		SolutionGuid = {3B75165B-5D70-4ACA-9441-8DC77342EF3B}
	EndGlobalSection
EndGlobal
